Microsoft Visual Studio Solution File, Format Version 9.00
# Visual Studio 2005
Project("{8BC9CEB8-8B4A-11D0-8D11-00A0C91BC942}") = "createsamples", "createsamples.vcproj", "{EE37253C-3B7E-4391-981B-6AE4AA400748}"
	ProjectSection(ProjectDependencies) = postProject
		{C30EED12-064C-4314-8A6B-426A11309A88} = {C30EED12-064C-4314-8A6B-426A11309A88}
		{3959E83B-4199-49BA-BB0C-73074DFD1799} = {3959E83B-4199-49BA-BB0C-73074DFD1799}
		{C9E08D4A-9489-4D2E-93E3-8138ABA817A5} = {C9E08D4A-9489-4D2E-93E3-8138ABA817A5}
		{204E2D54-C28A-43B7-9618-3EB8DC7D83D1} = {204E2D54-C28A-43B7-9618-3EB8DC7D83D1}
	EndProjectSection
EndProject
Project("{8BC9CEB8-8B4A-11D0-8D11-00A0C91BC942}") = "cvhaartraining", "cvhaartraining.vcproj", "{3959E83B-4199-49BA-BB0C-73074DFD1799}"
	ProjectSection(ProjectDependencies) = postProject
		{C30EED12-064C-4314-8A6B-426A11309A88} = {C30EED12-064C-4314-8A6B-426A11309A88}
		{C9E08D4A-9489-4D2E-93E3-8138ABA817A5} = {C9E08D4A-9489-4D2E-93E3-8138ABA817A5}
		{204E2D54-C28A-43B7-9618-3EB8DC7D83D1} = {204E2D54-C28A-43B7-9618-3EB8DC7D83D1}
	EndProjectSection
EndProject
Project("{8BC9CEB8-8B4A-11D0-8D11-00A0C91BC942}") = "haartraining", "haartraining.vcproj", "{2F08064F-1571-46E6-BEC3-D2DD927B8409}"
	ProjectSection(ProjectDependencies) = postProject
		{C30EED12-064C-4314-8A6B-426A11309A88} = {C30EED12-064C-4314-8A6B-426A11309A88}
		{3959E83B-4199-49BA-BB0C-73074DFD1799} = {3959E83B-4199-49BA-BB0C-73074DFD1799}
		{C9E08D4A-9489-4D2E-93E3-8138ABA817A5} = {C9E08D4A-9489-4D2E-93E3-8138ABA817A5}
		{204E2D54-C28A-43B7-9618-3EB8DC7D83D1} = {204E2D54-C28A-43B7-9618-3EB8DC7D83D1}
	EndProjectSection
EndProject
Project("{8BC9CEB8-8B4A-11D0-8D11-00A0C91BC942}") = "highgui", "C:\Program Files\OpenCV\otherlibs\highgui\HighGUI.vcproj", "{C9E08D4A-9489-4D2E-93E3-8138ABA817A5}"
	ProjectSection(ProjectDependencies) = postProject
		{C30EED12-064C-4314-8A6B-426A11309A88} = {C30EED12-064C-4314-8A6B-426A11309A88}
	EndProjectSection
EndProject
Project("{8BC9CEB8-8B4A-11D0-8D11-00A0C91BC942}") = "cxcore", "C:\Program Files\OpenCV\cxcore\src\cxcore.vcproj", "{C30EED12-064C-4314-8A6B-426A11309A88}"
EndProject
Project("{8BC9CEB8-8B4A-11D0-8D11-00A0C91BC942}") = "cv", "C:\Program Files\OpenCV\cv\src\cv.vcproj", "{204E2D54-C28A-43B7-9618-3EB8DC7D83D1}"
	ProjectSection(ProjectDependencies) = postProject
		{C30EED12-064C-4314-8A6B-426A11309A88} = {C30EED12-064C-4314-8A6B-426A11309A88}
	EndProjectSection
EndProject
Project("{8BC9CEB8-8B4A-11D0-8D11-00A0C91BC942}") = "performance", "performance.vcproj", "{3930A416-5D51-43C0-BC78-4BF858FDF361}"
	ProjectSection(ProjectDependencies) = postProject
		{C30EED12-064C-4314-8A6B-426A11309A88} = {C30EED12-064C-4314-8A6B-426A11309A88}
		{3959E83B-4199-49BA-BB0C-73074DFD1799} = {3959E83B-4199-49BA-BB0C-73074DFD1799}
		{C9E08D4A-9489-4D2E-93E3-8138ABA817A5} = {C9E08D4A-9489-4D2E-93E3-8138ABA817A5}
		{204E2D54-C28A-43B7-9618-3EB8DC7D83D1} = {204E2D54-C28A-43B7-9618-3EB8DC7D83D1}
	EndProjectSection
EndProject
Project("{8BC9CEB8-8B4A-11D0-8D11-00A0C91BC942}") = "convert_cascade", "convert_cascade.vcproj", "{E0F7EBDB-000C-4F8E-A7CC-234C95AEB72F}"
EndProject
Project("{8BC9CEB8-8B4A-11D0-8D11-00A0C91BC942}") = "facedetect", "facedetect.vcproj", "{98A0231B-4638-493F-96EE-222F7510E782}"
EndProject
Project("{8BC9CEB8-8B4A-11D0-8D11-00A0C91BC942}") = "mergevec", "mergevec.vcproj", "{F46FEC27-6B68-4767-87FA-E6B294B06B0D}"
EndProject
Project("{8BC9CEB8-8B4A-11D0-8D11-00A0C91BC942}") = "vec2img", "vec2img.vcproj", "{0B07361E-1129-4FDE-8C27-D343ECA622C2}"
EndProject
Global
	GlobalSection(SolutionConfigurationPlatforms) = preSolution
		Debug OpenMP|Win32 = Debug OpenMP|Win32
		Debug OpenMP|x64 = Debug OpenMP|x64
		Debug|Win32 = Debug|Win32
		Debug|x64 = Debug|x64
		Release OpenMP|Win32 = Release OpenMP|Win32
		Release OpenMP|x64 = Release OpenMP|x64
		Release|Win32 = Release|Win32
		Release|x64 = Release|x64
	EndGlobalSection
	GlobalSection(ProjectConfigurationPlatforms) = postSolution
		{EE37253C-3B7E-4391-981B-6AE4AA400748}.Debug OpenMP|Win32.ActiveCfg = Debug|Win32
		{EE37253C-3B7E-4391-981B-6AE4AA400748}.Debug OpenMP|Win32.Build.0 = Debug|Win32
		{EE37253C-3B7E-4391-981B-6AE4AA400748}.Debug OpenMP|x64.ActiveCfg = Debug|Win32
		{EE37253C-3B7E-4391-981B-6AE4AA400748}.Debug|Win32.ActiveCfg = Debug|Win32
		{EE37253C-3B7E-4391-981B-6AE4AA400748}.Debug|Win32.Build.0 = Debug|Win32
		{EE37253C-3B7E-4391-981B-6AE4AA400748}.Debug|x64.ActiveCfg = Debug|Win32
		{EE37253C-3B7E-4391-981B-6AE4AA400748}.Debug|x64.Build.0 = Debug|Win32
		{EE37253C-3B7E-4391-981B-6AE4AA400748}.Release OpenMP|Win32.ActiveCfg = Release|Win32
		{EE37253C-3B7E-4391-981B-6AE4AA400748}.Release OpenMP|Win32.Build.0 = Release|Win32
		{EE37253C-3B7E-4391-981B-6AE4AA400748}.Release OpenMP|x64.ActiveCfg = Release|Win32
		{EE37253C-3B7E-4391-981B-6AE4AA400748}.Release|Win32.ActiveCfg = Release|Win32
		{EE37253C-3B7E-4391-981B-6AE4AA400748}.Release|Win32.Build.0 = Release|Win32
		{EE37253C-3B7E-4391-981B-6AE4AA400748}.Release|x64.ActiveCfg = Release|Win32
		{EE37253C-3B7E-4391-981B-6AE4AA400748}.Release|x64.Build.0 = Release|Win32
		{3959E83B-4199-49BA-BB0C-73074DFD1799}.Debug OpenMP|Win32.ActiveCfg = Debug OpenMP|Win32
		{3959E83B-4199-49BA-BB0C-73074DFD1799}.Debug OpenMP|Win32.Build.0 = Debug OpenMP|Win32
		{3959E83B-4199-49BA-BB0C-73074DFD1799}.Debug OpenMP|x64.ActiveCfg = Debug OpenMP|Win32
		{3959E83B-4199-49BA-BB0C-73074DFD1799}.Debug|Win32.ActiveCfg = Debug|Win32
		{3959E83B-4199-49BA-BB0C-73074DFD1799}.Debug|Win32.Build.0 = Debug|Win32
		{3959E83B-4199-49BA-BB0C-73074DFD1799}.Debug|x64.ActiveCfg = Debug|Win32
		{3959E83B-4199-49BA-BB0C-73074DFD1799}.Debug|x64.Build.0 = Debug|Win32
		{3959E83B-4199-49BA-BB0C-73074DFD1799}.Release OpenMP|Win32.ActiveCfg = Release OpenMP|Win32
		{3959E83B-4199-49BA-BB0C-73074DFD1799}.Release OpenMP|Win32.Build.0 = Release OpenMP|Win32
		{3959E83B-4199-49BA-BB0C-73074DFD1799}.Release OpenMP|x64.ActiveCfg = Release OpenMP|Win32
		{3959E83B-4199-49BA-BB0C-73074DFD1799}.Release|Win32.ActiveCfg = Release|Win32
		{3959E83B-4199-49BA-BB0C-73074DFD1799}.Release|Win32.Build.0 = Release|Win32
		{3959E83B-4199-49BA-BB0C-73074DFD1799}.Release|x64.ActiveCfg = Release|Win32
		{3959E83B-4199-49BA-BB0C-73074DFD1799}.Release|x64.Build.0 = Release|Win32
		{2F08064F-1571-46E6-BEC3-D2DD927B8409}.Debug OpenMP|Win32.ActiveCfg = Debug|Win32
		{2F08064F-1571-46E6-BEC3-D2DD927B8409}.Debug OpenMP|Win32.Build.0 = Debug|Win32
		{2F08064F-1571-46E6-BEC3-D2DD927B8409}.Debug OpenMP|x64.ActiveCfg = Debug OpenMP|Win32
		{2F08064F-1571-46E6-BEC3-D2DD927B8409}.Debug|Win32.ActiveCfg = Debug|Win32
		{2F08064F-1571-46E6-BEC3-D2DD927B8409}.Debug|Win32.Build.0 = Debug|Win32
		{2F08064F-1571-46E6-BEC3-D2DD927B8409}.Debug|x64.ActiveCfg = Debug|Win32
		{2F08064F-1571-46E6-BEC3-D2DD927B8409}.Debug|x64.Build.0 = Debug|Win32
		{2F08064F-1571-46E6-BEC3-D2DD927B8409}.Release OpenMP|Win32.ActiveCfg = Release OpenMP|Win32
		{2F08064F-1571-46E6-BEC3-D2DD927B8409}.Release OpenMP|Win32.Build.0 = Release OpenMP|Win32
		{2F08064F-1571-46E6-BEC3-D2DD927B8409}.Release OpenMP|x64.ActiveCfg = Release OpenMP|Win32
		{2F08064F-1571-46E6-BEC3-D2DD927B8409}.Release|Win32.ActiveCfg = Release|Win32
		{2F08064F-1571-46E6-BEC3-D2DD927B8409}.Release|Win32.Build.0 = Release|Win32
		{2F08064F-1571-46E6-BEC3-D2DD927B8409}.Release|x64.ActiveCfg = Release|Win32
		{2F08064F-1571-46E6-BEC3-D2DD927B8409}.Release|x64.Build.0 = Release|Win32
		{C9E08D4A-9489-4D2E-93E3-8138ABA817A5}.Debug OpenMP|Win32.ActiveCfg = Debug|x64
		{C9E08D4A-9489-4D2E-93E3-8138ABA817A5}.Debug OpenMP|x64.ActiveCfg = Debug|x64
		{C9E08D4A-9489-4D2E-93E3-8138ABA817A5}.Debug OpenMP|x64.Build.0 = Debug|x64
		{C9E08D4A-9489-4D2E-93E3-8138ABA817A5}.Debug|Win32.ActiveCfg = Debug|Win32
		{C9E08D4A-9489-4D2E-93E3-8138ABA817A5}.Debug|Win32.Build.0 = Debug|Win32
		{C9E08D4A-9489-4D2E-93E3-8138ABA817A5}.Debug|x64.ActiveCfg = Debug|x64
		{C9E08D4A-9489-4D2E-93E3-8138ABA817A5}.Debug|x64.Build.0 = Debug|x64
		{C9E08D4A-9489-4D2E-93E3-8138ABA817A5}.Release OpenMP|Win32.ActiveCfg = Debug|Win32
		{C9E08D4A-9489-4D2E-93E3-8138ABA817A5}.Release OpenMP|Win32.Build.0 = Debug|Win32
		{C9E08D4A-9489-4D2E-93E3-8138ABA817A5}.Release OpenMP|x64.ActiveCfg = Release|x64
		{C9E08D4A-9489-4D2E-93E3-8138ABA817A5}.Release OpenMP|x64.Build.0 = Release|x64
		{C9E08D4A-9489-4D2E-93E3-8138ABA817A5}.Release|Win32.ActiveCfg = Release|Win32
		{C9E08D4A-9489-4D2E-93E3-8138ABA817A5}.Release|Win32.Build.0 = Release|Win32
		{C9E08D4A-9489-4D2E-93E3-8138ABA817A5}.Release|x64.ActiveCfg = Release|x64
		{C9E08D4A-9489-4D2E-93E3-8138ABA817A5}.Release|x64.Build.0 = Release|x64
		{C30EED12-064C-4314-8A6B-426A11309A88}.Debug OpenMP|Win32.ActiveCfg = Debug OpenMP|Win32
		{C30EED12-064C-4314-8A6B-426A11309A88}.Debug OpenMP|Win32.Build.0 = Debug OpenMP|Win32
		{C30EED12-064C-4314-8A6B-426A11309A88}.Debug OpenMP|x64.ActiveCfg = Debug OpenMP|x64
		{C30EED12-064C-4314-8A6B-426A11309A88}.Debug OpenMP|x64.Build.0 = Debug OpenMP|x64
		{C30EED12-064C-4314-8A6B-426A11309A88}.Debug|Win32.ActiveCfg = Debug|Win32
		{C30EED12-064C-4314-8A6B-426A11309A88}.Debug|Win32.Build.0 = Debug|Win32
		{C30EED12-064C-4314-8A6B-426A11309A88}.Debug|x64.ActiveCfg = Debug|x64
		{C30EED12-064C-4314-8A6B-426A11309A88}.Debug|x64.Build.0 = Debug|x64
		{C30EED12-064C-4314-8A6B-426A11309A88}.Release OpenMP|Win32.ActiveCfg = Release OpenMP|Win32
		{C30EED12-064C-4314-8A6B-426A11309A88}.Release OpenMP|Win32.Build.0 = Release OpenMP|Win32
		{C30EED12-064C-4314-8A6B-426A11309A88}.Release OpenMP|x64.ActiveCfg = Release OpenMP|x64
		{C30EED12-064C-4314-8A6B-426A11309A88}.Release OpenMP|x64.Build.0 = Release OpenMP|x64
		{C30EED12-064C-4314-8A6B-426A11309A88}.Release|Win32.ActiveCfg = Release|Win32
		{C30EED12-064C-4314-8A6B-426A11309A88}.Release|Win32.Build.0 = Release|Win32
		{C30EED12-064C-4314-8A6B-426A11309A88}.Release|x64.ActiveCfg = Release|x64
		{C30EED12-064C-4314-8A6B-426A11309A88}.Release|x64.Build.0 = Release|x64
		{204E2D54-C28A-43B7-9618-3EB8DC7D83D1}.Debug OpenMP|Win32.ActiveCfg = Debug OpenMP|Win32
		{204E2D54-C28A-43B7-9618-3EB8DC7D83D1}.Debug OpenMP|Win32.Build.0 = Debug OpenMP|Win32
		{204E2D54-C28A-43B7-9618-3EB8DC7D83D1}.Debug OpenMP|x64.ActiveCfg = Debug OpenMP|x64
		{204E2D54-C28A-43B7-9618-3EB8DC7D83D1}.Debug OpenMP|x64.Build.0 = Debug OpenMP|x64
		{204E2D54-C28A-43B7-9618-3EB8DC7D83D1}.Debug|Win32.ActiveCfg = Debug|Win32
		{204E2D54-C28A-43B7-9618-3EB8DC7D83D1}.Debug|Win32.Build.0 = Debug|Win32
		{204E2D54-C28A-43B7-9618-3EB8DC7D83D1}.Debug|x64.ActiveCfg = Debug|x64
		{204E2D54-C28A-43B7-9618-3EB8DC7D83D1}.Debug|x64.Build.0 = Debug|x64
		{204E2D54-C28A-43B7-9618-3EB8DC7D83D1}.Release OpenMP|Win32.ActiveCfg = Release OpenMP|Win32
		{204E2D54-C28A-43B7-9618-3EB8DC7D83D1}.Release OpenMP|Win32.Build.0 = Release OpenMP|Win32
		{204E2D54-C28A-43B7-9618-3EB8DC7D83D1}.Release OpenMP|x64.ActiveCfg = Release OpenMP|x64
		{204E2D54-C28A-43B7-9618-3EB8DC7D83D1}.Release OpenMP|x64.Build.0 = Release OpenMP|x64
		{204E2D54-C28A-43B7-9618-3EB8DC7D83D1}.Release|Win32.ActiveCfg = Release|Win32
		{204E2D54-C28A-43B7-9618-3EB8DC7D83D1}.Release|Win32.Build.0 = Release|Win32
		{204E2D54-C28A-43B7-9618-3EB8DC7D83D1}.Release|x64.ActiveCfg = Release|x64
		{204E2D54-C28A-43B7-9618-3EB8DC7D83D1}.Release|x64.Build.0 = Release|x64
		{3930A416-5D51-43C0-BC78-4BF858FDF361}.Debug OpenMP|Win32.ActiveCfg = Debug|Win32
		{3930A416-5D51-43C0-BC78-4BF858FDF361}.Debug OpenMP|Win32.Build.0 = Debug|Win32
		{3930A416-5D51-43C0-BC78-4BF858FDF361}.Debug OpenMP|x64.ActiveCfg = Debug|Win32
		{3930A416-5D51-43C0-BC78-4BF858FDF361}.Debug|Win32.ActiveCfg = Debug|Win32
		{3930A416-5D51-43C0-BC78-4BF858FDF361}.Debug|Win32.Build.0 = Debug|Win32
		{3930A416-5D51-43C0-BC78-4BF858FDF361}.Debug|x64.ActiveCfg = Debug|Win32
		{3930A416-5D51-43C0-BC78-4BF858FDF361}.Debug|x64.Build.0 = Debug|Win32
		{3930A416-5D51-43C0-BC78-4BF858FDF361}.Release OpenMP|Win32.ActiveCfg = Release|Win32
		{3930A416-5D51-43C0-BC78-4BF858FDF361}.Release OpenMP|Win32.Build.0 = Release|Win32
		{3930A416-5D51-43C0-BC78-4BF858FDF361}.Release OpenMP|x64.ActiveCfg = Release|Win32
		{3930A416-5D51-43C0-BC78-4BF858FDF361}.Release|Win32.ActiveCfg = Release|Win32
		{3930A416-5D51-43C0-BC78-4BF858FDF361}.Release|Win32.Build.0 = Release|Win32
		{3930A416-5D51-43C0-BC78-4BF858FDF361}.Release|x64.ActiveCfg = Release|Win32
		{3930A416-5D51-43C0-BC78-4BF858FDF361}.Release|x64.Build.0 = Release|Win32
		{E0F7EBDB-000C-4F8E-A7CC-234C95AEB72F}.Debug OpenMP|Win32.ActiveCfg = Debug|Win32
		{E0F7EBDB-000C-4F8E-A7CC-234C95AEB72F}.Debug OpenMP|Win32.Build.0 = Debug|Win32
		{E0F7EBDB-000C-4F8E-A7CC-234C95AEB72F}.Debug OpenMP|x64.ActiveCfg = Debug|Win32
		{E0F7EBDB-000C-4F8E-A7CC-234C95AEB72F}.Debug|Win32.ActiveCfg = Debug|Win32
		{E0F7EBDB-000C-4F8E-A7CC-234C95AEB72F}.Debug|Win32.Build.0 = Debug|Win32
		{E0F7EBDB-000C-4F8E-A7CC-234C95AEB72F}.Debug|x64.ActiveCfg = Debug|Win32
		{E0F7EBDB-000C-4F8E-A7CC-234C95AEB72F}.Release OpenMP|Win32.ActiveCfg = Release|Win32
		{E0F7EBDB-000C-4F8E-A7CC-234C95AEB72F}.Release OpenMP|Win32.Build.0 = Release|Win32
		{E0F7EBDB-000C-4F8E-A7CC-234C95AEB72F}.Release OpenMP|x64.ActiveCfg = Release|Win32
		{E0F7EBDB-000C-4F8E-A7CC-234C95AEB72F}.Release|Win32.ActiveCfg = Release|Win32
		{E0F7EBDB-000C-4F8E-A7CC-234C95AEB72F}.Release|Win32.Build.0 = Release|Win32
		{E0F7EBDB-000C-4F8E-A7CC-234C95AEB72F}.Release|x64.ActiveCfg = Release|Win32
		{98A0231B-4638-493F-96EE-222F7510E782}.Debug OpenMP|Win32.ActiveCfg = Debug|Win32
		{98A0231B-4638-493F-96EE-222F7510E782}.Debug OpenMP|Win32.Build.0 = Debug|Win32
		{98A0231B-4638-493F-96EE-222F7510E782}.Debug OpenMP|x64.ActiveCfg = Debug|Win32
		{98A0231B-4638-493F-96EE-222F7510E782}.Debug|Win32.ActiveCfg = Debug|Win32
		{98A0231B-4638-493F-96EE-222F7510E782}.Debug|Win32.Build.0 = Debug|Win32
		{98A0231B-4638-493F-96EE-222F7510E782}.Debug|x64.ActiveCfg = Debug|Win32
		{98A0231B-4638-493F-96EE-222F7510E782}.Release OpenMP|Win32.ActiveCfg = Release|Win32
		{98A0231B-4638-493F-96EE-222F7510E782}.Release OpenMP|Win32.Build.0 = Release|Win32
		{98A0231B-4638-493F-96EE-222F7510E782}.Release OpenMP|x64.ActiveCfg = Release|Win32
		{98A0231B-4638-493F-96EE-222F7510E782}.Release|Win32.ActiveCfg = Release|Win32
		{98A0231B-4638-493F-96EE-222F7510E782}.Release|Win32.Build.0 = Release|Win32
		{98A0231B-4638-493F-96EE-222F7510E782}.Release|x64.ActiveCfg = Release|Win32
		{F46FEC27-6B68-4767-87FA-E6B294B06B0D}.Debug OpenMP|Win32.ActiveCfg = Debug|Win32
		{F46FEC27-6B68-4767-87FA-E6B294B06B0D}.Debug OpenMP|Win32.Build.0 = Debug|Win32
		{F46FEC27-6B68-4767-87FA-E6B294B06B0D}.Debug OpenMP|x64.ActiveCfg = Debug|Win32
		{F46FEC27-6B68-4767-87FA-E6B294B06B0D}.Debug|Win32.ActiveCfg = Debug|Win32
		{F46FEC27-6B68-4767-87FA-E6B294B06B0D}.Debug|Win32.Build.0 = Debug|Win32
		{F46FEC27-6B68-4767-87FA-E6B294B06B0D}.Debug|x64.ActiveCfg = Debug|Win32
		{F46FEC27-6B68-4767-87FA-E6B294B06B0D}.Release OpenMP|Win32.ActiveCfg = Release|Win32
		{F46FEC27-6B68-4767-87FA-E6B294B06B0D}.Release OpenMP|Win32.Build.0 = Release|Win32
		{F46FEC27-6B68-4767-87FA-E6B294B06B0D}.Release OpenMP|x64.ActiveCfg = Release|Win32
		{F46FEC27-6B68-4767-87FA-E6B294B06B0D}.Release|Win32.ActiveCfg = Release|Win32
		{F46FEC27-6B68-4767-87FA-E6B294B06B0D}.Release|Win32.Build.0 = Release|Win32
		{F46FEC27-6B68-4767-87FA-E6B294B06B0D}.Release|x64.ActiveCfg = Release|Win32
		{0B07361E-1129-4FDE-8C27-D343ECA622C2}.Debug OpenMP|Win32.ActiveCfg = Debug|Win32
		{0B07361E-1129-4FDE-8C27-D343ECA622C2}.Debug OpenMP|Win32.Build.0 = Debug|Win32
		{0B07361E-1129-4FDE-8C27-D343ECA622C2}.Debug OpenMP|x64.ActiveCfg = Debug|Win32
		{0B07361E-1129-4FDE-8C27-D343ECA622C2}.Debug|Win32.ActiveCfg = Debug|Win32
		{0B07361E-1129-4FDE-8C27-D343ECA622C2}.Debug|Win32.Build.0 = Debug|Win32
		{0B07361E-1129-4FDE-8C27-D343ECA622C2}.Debug|x64.ActiveCfg = Debug|Win32
		{0B07361E-1129-4FDE-8C27-D343ECA622C2}.Release OpenMP|Win32.ActiveCfg = Release|Win32
		{0B07361E-1129-4FDE-8C27-D343ECA622C2}.Release OpenMP|Win32.Build.0 = Release|Win32
		{0B07361E-1129-4FDE-8C27-D343ECA622C2}.Release OpenMP|x64.ActiveCfg = Release|Win32
		{0B07361E-1129-4FDE-8C27-D343ECA622C2}.Release|Win32.ActiveCfg = Release|Win32
		{0B07361E-1129-4FDE-8C27-D343ECA622C2}.Release|Win32.Build.0 = Release|Win32
		{0B07361E-1129-4FDE-8C27-D343ECA622C2}.Release|x64.ActiveCfg = Release|Win32
	EndGlobalSection
	GlobalSection(SolutionProperties) = preSolution
		HideSolutionNode = FALSE
	EndGlobalSection
EndGlobal
